
Microsoft Visual Studio Solution File, Format Version 12.00
# Visual Studio Version 16
VisualStudioVersion = 16.0.30907.101
MinimumVisualStudioVersion = 10.0.40219.1
Project("{FAE04EC0-301F-11D3-BF4B-00C04F79EFBC}") = "Buildersoft.Andy.X.Streams", "Buildersoft.Andy.X.Streams\Buildersoft.Andy.X.Streams.csproj", "{C8AEBC65-1D0B-4BB5-AFD8-E7C7733F082A}"
EndProject
Global
	GlobalSection(SolutionConfigurationPlatforms) = preSolution
		Debug|Any CPU = Debug|Any CPU
		Release|Any CPU = Release|Any CPU
	EndGlobalSection
	GlobalSection(ProjectConfigurationPlatforms) = postSolution
		{C8AEBC65-1D0B-4BB5-AFD8-E7C7733F082A}.Debug|Any CPU.ActiveCfg = Debug|Any CPU
		{C8AEBC65-1D0B-4BB5-AFD8-E7C7733F082A}.Debug|Any CPU.Build.0 = Debug|Any CPU
		{C8AEBC65-1D0B-4BB5-AFD8-E7C7733F082A}.Release|Any CPU.ActiveCfg = Release|Any CPU
		{C8AEBC65-1D0B-4BB5-AFD8-E7C7733F082A}.Release|Any CPU.Build.0 = Release|Any CPU
	EndGlobalSection
	GlobalSection(SolutionProperties) = preSolution
		HideSolutionNode = FALSE
	EndGlobalSection
	GlobalSection(ExtensibilityGlobals) = postSolution
		SolutionGuid = {20BE7135-1217-4786-981D-A5E5F18CB843}
	EndGlobalSection
EndGlobal
